
Microsoft Visual Studio Solution File, Format Version 12.00
# Visual Studio Version 17
VisualStudioVersion = 17.11.35327.3
MinimumVisualStudioVersion = 10.0.40219.1
Project("{FAE04EC0-301F-11D3-BF4B-00C04F79EFBC}") = "WinFormsApp5", "WinFormsApp5\WinFormsApp5.csproj", "{E26B2D66-3472-4AC2-8279-AB130B79D207}"
EndProject
Global
	GlobalSection(SolutionConfigurationPlatforms) = preSolution
		Debug|Any CPU = Debug|Any CPU
		Release|Any CPU = Release|Any CPU
	EndGlobalSection
	GlobalSection(ProjectConfigurationPlatforms) = postSolution
		{E26B2D66-3472-4AC2-8279-AB130B79D207}.Debug|Any CPU.ActiveCfg = Debug|Any CPU
		{E26B2D66-3472-4AC2-8279-AB130B79D207}.Debug|Any CPU.Build.0 = Debug|Any CPU
		{E26B2D66-3472-4AC2-8279-AB130B79D207}.Release|Any CPU.ActiveCfg = Release|Any CPU
		{E26B2D66-3472-4AC2-8279-AB130B79D207}.Release|Any CPU.Build.0 = Release|Any CPU
	EndGlobalSection
	GlobalSection(SolutionProperties) = preSolution
		HideSolutionNode = FALSE
	EndGlobalSection
	GlobalSection(ExtensibilityGlobals) = postSolution
		SolutionGuid = {60567D71-E038-4A5D-B91D-BD6DF2E3E8DE}
	EndGlobalSection
EndGlobal
